
Microsoft Visual Studio Solution File, Format Version 12.00
# Visual Studio Version 17
VisualStudioVersion = 17.7.34031.279
MinimumVisualStudioVersion = 10.0.40219.1
Project("{FAE04EC0-301F-11D3-BF4B-00C04F79EFBC}") = "WebAppMVCSQL", "WebAppMVCSQL\WebAppMVCSQL.csproj", "{14B769D8-0BF4-4A95-8C8E-964DC0222BAA}"
EndProject
Global
	GlobalSection(SolutionConfigurationPlatforms) = preSolution
		Debug|Any CPU = Debug|Any CPU
		Release|Any CPU = Release|Any CPU
	EndGlobalSection
	GlobalSection(ProjectConfigurationPlatforms) = postSolution
		{14B769D8-0BF4-4A95-8C8E-964DC0222BAA}.Debug|Any CPU.ActiveCfg = Debug|Any CPU
		{14B769D8-0BF4-4A95-8C8E-964DC0222BAA}.Debug|Any CPU.Build.0 = Debug|Any CPU
		{14B769D8-0BF4-4A95-8C8E-964DC0222BAA}.Release|Any CPU.ActiveCfg = Release|Any CPU
		{14B769D8-0BF4-4A95-8C8E-964DC0222BAA}.Release|Any CPU.Build.0 = Release|Any CPU
	EndGlobalSection
	GlobalSection(SolutionProperties) = preSolution
		HideSolutionNode = FALSE
	EndGlobalSection
	GlobalSection(ExtensibilityGlobals) = postSolution
		SolutionGuid = {379BD3C5-06C4-4D2A-970D-7C1DC5C234E0}
	EndGlobalSection
EndGlobal
